
Microsoft Visual Studio Solution File, Format Version 12.00
# Visual Studio 15
VisualStudioVersion = 15.0.27004.2009
MinimumVisualStudioVersion = 10.0.40219.1
Project("{FAE04EC0-301F-11D3-BF4B-00C04F79EFBC}") = "OxyPlotTest.Android", "OxyPlotTest\OxyPlotTest.Android\OxyPlotTest.Android.csproj", "{01C3752A-7C23-484D-8EF0-981D72179ADD}"
EndProject
Project("{FAE04EC0-301F-11D3-BF4B-00C04F79EFBC}") = "OxyPlotTest", "OxyPlotTest\OxyPlotTest\OxyPlotTest.csproj", "{3FAC7B2F-A788-4FE2-8EDE-A1B76015976E}"
EndProject
Project("{FAE04EC0-301F-11D3-BF4B-00C04F79EFBC}") = "OxyPlotTest.UWP", "OxyPlotTest\OxyPlotTest.UWP\OxyPlotTest.UWP.csproj", "{BF2E3276-681A-45A7-9D70-B8258470010C}"
EndProject
Project("{FAE04EC0-301F-11D3-BF4B-00C04F79EFBC}") = "OxyPlotTest.iOS", "OxyPlotTest\OxyPlotTest.iOS\OxyPlotTest.iOS.csproj", "{8FE4592D-D0EF-451D-9927-8B0897DA9C71}"
EndProject
Global
	GlobalSection(SolutionConfigurationPlatforms) = preSolution
		Ad-Hoc|Any CPU = Ad-Hoc|Any CPU
		Ad-Hoc|ARM = Ad-Hoc|ARM
		Ad-Hoc|iPhone = Ad-Hoc|iPhone
		Ad-Hoc|iPhoneSimulator = Ad-Hoc|iPhoneSimulator
		Ad-Hoc|x64 = Ad-Hoc|x64
		Ad-Hoc|x86 = Ad-Hoc|x86
		AppStore|Any CPU = AppStore|Any CPU
		AppStore|ARM = AppStore|ARM
		AppStore|iPhone = AppStore|iPhone
		AppStore|iPhoneSimulator = AppStore|iPhoneSimulator
		AppStore|x64 = AppStore|x64
		AppStore|x86 = AppStore|x86
		Debug|Any CPU = Debug|Any CPU
		Debug|ARM = Debug|ARM
		Debug|iPhone = Debug|iPhone
		Debug|iPhoneSimulator = Debug|iPhoneSimulator
		Debug|x64 = Debug|x64
		Debug|x86 = Debug|x86
		Release|Any CPU = Release|Any CPU
		Release|ARM = Release|ARM
		Release|iPhone = Release|iPhone
		Release|iPhoneSimulator = Release|iPhoneSimulator
		Release|x64 = Release|x64
		Release|x86 = Release|x86
	EndGlobalSection
	GlobalSection(ProjectConfigurationPlatforms) = postSolution
		{01C3752A-7C23-484D-8EF0-981D72179ADD}.Ad-Hoc|Any CPU.ActiveCfg = Release|Any CPU
		{01C3752A-7C23-484D-8EF0-981D72179ADD}.Ad-Hoc|Any CPU.Build.0 = Release|Any CPU
		{01C3752A-7C23-484D-8EF0-981D72179ADD}.Ad-Hoc|Any CPU.Deploy.0 = Release|Any CPU
		{01C3752A-7C23-484D-8EF0-981D72179ADD}.Ad-Hoc|ARM.ActiveCfg = Release|Any CPU
		{01C3752A-7C23-484D-8EF0-981D72179ADD}.Ad-Hoc|ARM.Build.0 = Release|Any CPU
		{01C3752A-7C23-484D-8EF0-981D72179ADD}.Ad-Hoc|ARM.Deploy.0 = Release|Any CPU
		{01C3752A-7C23-484D-8EF0-981D72179ADD}.Ad-Hoc|iPhone.ActiveCfg = Release|Any CPU
		{01C3752A-7C23-484D-8EF0-981D72179ADD}.Ad-Hoc|iPhone.Build.0 = Release|Any CPU
		{01C3752A-7C23-484D-8EF0-981D72179ADD}.Ad-Hoc|iPhone.Deploy.0 = Release|Any CPU
		{01C3752A-7C23-484D-8EF0-981D72179ADD}.Ad-Hoc|iPhoneSimulator.ActiveCfg = Release|Any CPU
		{01C3752A-7C23-484D-8EF0-981D72179ADD}.Ad-Hoc|iPhoneSimulator.Build.0 = Release|Any CPU
		{01C3752A-7C23-484D-8EF0-981D72179ADD}.Ad-Hoc|iPhoneSimulator.Deploy.0 = Release|Any CPU
		{01C3752A-7C23-484D-8EF0-981D72179ADD}.Ad-Hoc|x64.ActiveCfg = Release|Any CPU
		{01C3752A-7C23-484D-8EF0-981D72179ADD}.Ad-Hoc|x64.Build.0 = Release|Any CPU
		{01C3752A-7C23-484D-8EF0-981D72179ADD}.Ad-Hoc|x64.Deploy.0 = Release|Any CPU
		{01C3752A-7C23-484D-8EF0-981D72179ADD}.Ad-Hoc|x86.ActiveCfg = Release|Any CPU
		{01C3752A-7C23-484D-8EF0-981D72179ADD}.Ad-Hoc|x86.Build.0 = Release|Any CPU
		{01C3752A-7C23-484D-8EF0-981D72179ADD}.Ad-Hoc|x86.Deploy.0 = Release|Any CPU
		{01C3752A-7C23-484D-8EF0-981D72179ADD}.AppStore|Any CPU.ActiveCfg = Release|Any CPU
		{01C3752A-7C23-484D-8EF0-981D72179ADD}.AppStore|Any CPU.Build.0 = Release|Any CPU
		{01C3752A-7C23-484D-8EF0-981D72179ADD}.AppStore|Any CPU.Deploy.0 = Release|Any CPU
		{01C3752A-7C23-484D-8EF0-981D72179ADD}.AppStore|ARM.ActiveCfg = Release|Any CPU
		{01C3752A-7C23-484D-8EF0-981D72179ADD}.AppStore|ARM.Build.0 = Release|Any CPU
		{01C3752A-7C23-484D-8EF0-981D72179ADD}.AppStore|ARM.Deploy.0 = Release|Any CPU
		{01C3752A-7C23-484D-8EF0-981D72179ADD}.AppStore|iPhone.ActiveCfg = Release|Any CPU
		{01C3752A-7C23-484D-8EF0-981D72179ADD}.AppStore|iPhone.Build.0 = Release|Any CPU
		{01C3752A-7C23-484D-8EF0-981D72179ADD}.AppStore|iPhone.Deploy.0 = Release|Any CPU
		{01C3752A-7C23-484D-8EF0-981D72179ADD}.AppStore|iPhoneSimulator.ActiveCfg = Release|Any CPU
		{01C3752A-7C23-484D-8EF0-981D72179ADD}.AppStore|iPhoneSimulator.Build.0 = Release|Any CPU
		{01C3752A-7C23-484D-8EF0-981D72179ADD}.AppStore|iPhoneSimulator.Deploy.0 = Release|Any CPU
		{01C3752A-7C23-484D-8EF0-981D72179ADD}.AppStore|x64.ActiveCfg = Release|Any CPU
		{01C3752A-7C23-484D-8EF0-981D72179ADD}.AppStore|x64.Build.0 = Release|Any CPU
		{01C3752A-7C23-484D-8EF0-981D72179ADD}.AppStore|x64.Deploy.0 = Release|Any CPU
		{01C3752A-7C23-484D-8EF0-981D72179ADD}.AppStore|x86.ActiveCfg = Release|Any CPU
		{01C3752A-7C23-484D-8EF0-981D72179ADD}.AppStore|x86.Build.0 = Release|Any CPU
		{01C3752A-7C23-484D-8EF0-981D72179ADD}.AppStore|x86.Deploy.0 = Release|Any CPU
		{01C3752A-7C23-484D-8EF0-981D72179ADD}.Debug|Any CPU.ActiveCfg = Debug|Any CPU
		{01C3752A-7C23-484D-8EF0-981D72179ADD}.Debug|Any CPU.Build.0 = Debug|Any CPU
		{01C3752A-7C23-484D-8EF0-981D72179ADD}.Debug|Any CPU.Deploy.0 = Debug|Any CPU
		{01C3752A-7C23-484D-8EF0-981D72179ADD}.Debug|ARM.ActiveCfg = Debug|Any CPU
		{01C3752A-7C23-484D-8EF0-981D72179ADD}.Debug|ARM.Build.0 = Debug|Any CPU
		{01C3752A-7C23-484D-8EF0-981D72179ADD}.Debug|ARM.Deploy.0 = Debug|Any CPU
		{01C3752A-7C23-484D-8EF0-981D72179ADD}.Debug|iPhone.ActiveCfg = Debug|Any CPU
		{01C3752A-7C23-484D-8EF0-981D72179ADD}.Debug|iPhone.Build.0 = Debug|Any CPU
		{01C3752A-7C23-484D-8EF0-981D72179ADD}.Debug|iPhone.Deploy.0 = Debug|Any CPU
		{01C3752A-7C23-484D-8EF0-981D72179ADD}.Debug|iPhoneSimulator.ActiveCfg = Debug|Any CPU
		{01C3752A-7C23-484D-8EF0-981D72179ADD}.Debug|x64.ActiveCfg = Debug|Any CPU
		{01C3752A-7C23-484D-8EF0-981D72179ADD}.Debug|x64.Build.0 = Debug|Any CPU
		{01C3752A-7C23-484D-8EF0-981D72179ADD}.Debug|x64.Deploy.0 = Debug|Any CPU
		{01C3752A-7C23-484D-8EF0-981D72179ADD}.Debug|x86.ActiveCfg = Debug|Any CPU
		{01C3752A-7C23-484D-8EF0-981D72179ADD}.Debug|x86.Build.0 = Debug|Any CPU
		{01C3752A-7C23-484D-8EF0-981D72179ADD}.Debug|x86.Deploy.0 = Debug|Any CPU
		{01C3752A-7C23-484D-8EF0-981D72179ADD}.Release|Any CPU.ActiveCfg = Release|Any CPU
		{01C3752A-7C23-484D-8EF0-981D72179ADD}.Release|Any CPU.Build.0 = Release|Any CPU
		{01C3752A-7C23-484D-8EF0-981D72179ADD}.Release|Any CPU.Deploy.0 = Release|Any CPU
		{01C3752A-7C23-484D-8EF0-981D72179ADD}.Release|ARM.ActiveCfg = Release|Any CPU
		{01C3752A-7C23-484D-8EF0-981D72179ADD}.Release|ARM.Build.0 = Release|Any CPU
		{01C3752A-7C23-484D-8EF0-981D72179ADD}.Release|ARM.Deploy.0 = Release|Any CPU
		{01C3752A-7C23-484D-8EF0-981D72179ADD}.Release|iPhone.ActiveCfg = Release|Any CPU
		{01C3752A-7C23-484D-8EF0-981D72179ADD}.Release|iPhone.Build.0 = Release|Any CPU
		{01C3752A-7C23-484D-8EF0-981D72179ADD}.Release|iPhone.Deploy.0 = Release|Any CPU
		{01C3752A-7C23-484D-8EF0-981D72179ADD}.Release|iPhoneSimulator.ActiveCfg = Release|Any CPU
		{01C3752A-7C23-484D-8EF0-981D72179ADD}.Release|iPhoneSimulator.Build.0 = Release|Any CPU
		{01C3752A-7C23-484D-8EF0-981D72179ADD}.Release|iPhoneSimulator.Deploy.0 = Release|Any CPU
		{01C3752A-7C23-484D-8EF0-981D72179ADD}.Release|x64.ActiveCfg = Release|Any CPU
		{01C3752A-7C23-484D-8EF0-981D72179ADD}.Release|x64.Build.0 = Release|Any CPU
		{01C3752A-7C23-484D-8EF0-981D72179ADD}.Release|x64.Deploy.0 = Release|Any CPU
		{01C3752A-7C23-484D-8EF0-981D72179ADD}.Release|x86.ActiveCfg = Release|Any CPU
		{01C3752A-7C23-484D-8EF0-981D72179ADD}.Release|x86.Build.0 = Release|Any CPU
		{01C3752A-7C23-484D-8EF0-981D72179ADD}.Release|x86.Deploy.0 = Release|Any CPU
		{3FAC7B2F-A788-4FE2-8EDE-A1B76015976E}.Ad-Hoc|Any CPU.ActiveCfg = Release|Any CPU
		{3FAC7B2F-A788-4FE2-8EDE-A1B76015976E}.Ad-Hoc|Any CPU.Build.0 = Release|Any CPU
		{3FAC7B2F-A788-4FE2-8EDE-A1B76015976E}.Ad-Hoc|ARM.ActiveCfg = Release|Any CPU
		{3FAC7B2F-A788-4FE2-8EDE-A1B76015976E}.Ad-Hoc|ARM.Build.0 = Release|Any CPU
		{3FAC7B2F-A788-4FE2-8EDE-A1B76015976E}.Ad-Hoc|iPhone.ActiveCfg = Release|Any CPU
		{3FAC7B2F-A788-4FE2-8EDE-A1B76015976E}.Ad-Hoc|iPhone.Build.0 = Release|Any CPU
		{3FAC7B2F-A788-4FE2-8EDE-A1B76015976E}.Ad-Hoc|iPhoneSimulator.ActiveCfg = Release|Any CPU
		{3FAC7B2F-A788-4FE2-8EDE-A1B76015976E}.Ad-Hoc|iPhoneSimulator.Build.0 = Release|Any CPU
		{3FAC7B2F-A788-4FE2-8EDE-A1B76015976E}.Ad-Hoc|x64.ActiveCfg = Release|Any CPU
		{3FAC7B2F-A788-4FE2-8EDE-A1B76015976E}.Ad-Hoc|x64.Build.0 = Release|Any CPU
		{3FAC7B2F-A788-4FE2-8EDE-A1B76015976E}.Ad-Hoc|x86.ActiveCfg = Release|Any CPU
		{3FAC7B2F-A788-4FE2-8EDE-A1B76015976E}.Ad-Hoc|x86.Build.0 = Release|Any CPU
		{3FAC7B2F-A788-4FE2-8EDE-A1B76015976E}.AppStore|Any CPU.ActiveCfg = Release|Any CPU
		{3FAC7B2F-A788-4FE2-8EDE-A1B76015976E}.AppStore|Any CPU.Build.0 = Release|Any CPU
		{3FAC7B2F-A788-4FE2-8EDE-A1B76015976E}.AppStore|ARM.ActiveCfg = Release|Any CPU
		{3FAC7B2F-A788-4FE2-8EDE-A1B76015976E}.AppStore|ARM.Build.0 = Release|Any CPU
		{3FAC7B2F-A788-4FE2-8EDE-A1B76015976E}.AppStore|iPhone.ActiveCfg = Release|Any CPU
		{3FAC7B2F-A788-4FE2-8EDE-A1B76015976E}.AppStore|iPhone.Build.0 = Release|Any CPU
		{3FAC7B2F-A788-4FE2-8EDE-A1B76015976E}.AppStore|iPhoneSimulator.ActiveCfg = Release|Any CPU
		{3FAC7B2F-A788-4FE2-8EDE-A1B76015976E}.AppStore|iPhoneSimulator.Build.0 = Release|Any CPU
		{3FAC7B2F-A788-4FE2-8EDE-A1B76015976E}.AppStore|x64.ActiveCfg = Release|Any CPU
		{3FAC7B2F-A788-4FE2-8EDE-A1B76015976E}.AppStore|x64.Build.0 = Release|Any CPU
		{3FAC7B2F-A788-4FE2-8EDE-A1B76015976E}.AppStore|x86.ActiveCfg = Release|Any CPU
		{3FAC7B2F-A788-4FE2-8EDE-A1B76015976E}.AppStore|x86.Build.0 = Release|Any CPU
		{3FAC7B2F-A788-4FE2-8EDE-A1B76015976E}.Debug|Any CPU.ActiveCfg = Debug|Any CPU
		{3FAC7B2F-A788-4FE2-8EDE-A1B76015976E}.Debug|Any CPU.Build.0 = Debug|Any CPU
		{3FAC7B2F-A788-4FE2-8EDE-A1B76015976E}.Debug|ARM.ActiveCfg = Debug|Any CPU
		{3FAC7B2F-A788-4FE2-8EDE-A1B76015976E}.Debug|ARM.Build.0 = Debug|Any CPU
		{3FAC7B2F-A788-4FE2-8EDE-A1B76015976E}.Debug|iPhone.ActiveCfg = Debug|Any CPU
		{3FAC7B2F-A788-4FE2-8EDE-A1B76015976E}.Debug|iPhone.Build.0 = Debug|Any CPU
		{3FAC7B2F-A788-4FE2-8EDE-A1B76015976E}.Debug|iPhoneSimulator.ActiveCfg = Debug|Any CPU
		{3FAC7B2F-A788-4FE2-8EDE-A1B76015976E}.Debug|iPhoneSimulator.Build.0 = Debug|Any CPU
		{3FAC7B2F-A788-4FE2-8EDE-A1B76015976E}.Debug|x64.ActiveCfg = Debug|Any CPU
		{3FAC7B2F-A788-4FE2-8EDE-A1B76015976E}.Debug|x64.Build.0 = Debug|Any CPU
		{3FAC7B2F-A788-4FE2-8EDE-A1B76015976E}.Debug|x86.ActiveCfg = Debug|Any CPU
		{3FAC7B2F-A788-4FE2-8EDE-A1B76015976E}.Debug|x86.Build.0 = Debug|Any CPU
		{3FAC7B2F-A788-4FE2-8EDE-A1B76015976E}.Release|Any CPU.ActiveCfg = Release|Any CPU
		{3FAC7B2F-A788-4FE2-8EDE-A1B76015976E}.Release|Any CPU.Build.0 = Release|Any CPU
		{3FAC7B2F-A788-4FE2-8EDE-A1B76015976E}.Release|ARM.ActiveCfg = Release|Any CPU
		{3FAC7B2F-A788-4FE2-8EDE-A1B76015976E}.Release|ARM.Build.0 = Release|Any CPU
		{3FAC7B2F-A788-4FE2-8EDE-A1B76015976E}.Release|iPhone.ActiveCfg = Release|Any CPU
		{3FAC7B2F-A788-4FE2-8EDE-A1B76015976E}.Release|iPhone.Build.0 = Release|Any CPU
		{3FAC7B2F-A788-4FE2-8EDE-A1B76015976E}.Release|iPhoneSimulator.ActiveCfg = Release|Any CPU
		{3FAC7B2F-A788-4FE2-8EDE-A1B76015976E}.Release|iPhoneSimulator.Build.0 = Release|Any CPU
		{3FAC7B2F-A788-4FE2-8EDE-A1B76015976E}.Release|x64.ActiveCfg = Release|Any CPU
		{3FAC7B2F-A788-4FE2-8EDE-A1B76015976E}.Release|x64.Build.0 = Release|Any CPU
		{3FAC7B2F-A788-4FE2-8EDE-A1B76015976E}.Release|x86.ActiveCfg = Release|Any CPU
		{3FAC7B2F-A788-4FE2-8EDE-A1B76015976E}.Release|x86.Build.0 = Release|Any CPU
		{BF2E3276-681A-45A7-9D70-B8258470010C}.Ad-Hoc|Any CPU.ActiveCfg = Release|x86
		{BF2E3276-681A-45A7-9D70-B8258470010C}.Ad-Hoc|Any CPU.Build.0 = Release|x86
		{BF2E3276-681A-45A7-9D70-B8258470010C}.Ad-Hoc|Any CPU.Deploy.0 = Release|x86
		{BF2E3276-681A-45A7-9D70-B8258470010C}.Ad-Hoc|ARM.ActiveCfg = Release|ARM
		{BF2E3276-681A-45A7-9D70-B8258470010C}.Ad-Hoc|ARM.Build.0 = Release|ARM
		{BF2E3276-681A-45A7-9D70-B8258470010C}.Ad-Hoc|ARM.Deploy.0 = Release|ARM
		{BF2E3276-681A-45A7-9D70-B8258470010C}.Ad-Hoc|iPhone.ActiveCfg = Release|x86
		{BF2E3276-681A-45A7-9D70-B8258470010C}.Ad-Hoc|iPhone.Build.0 = Release|x86
		{BF2E3276-681A-45A7-9D70-B8258470010C}.Ad-Hoc|iPhone.Deploy.0 = Release|x86
		{BF2E3276-681A-45A7-9D70-B8258470010C}.Ad-Hoc|iPhoneSimulator.ActiveCfg = Release|x86
		{BF2E3276-681A-45A7-9D70-B8258470010C}.Ad-Hoc|iPhoneSimulator.Build.0 = Release|x86
		{BF2E3276-681A-45A7-9D70-B8258470010C}.Ad-Hoc|iPhoneSimulator.Deploy.0 = Release|x86
		{BF2E3276-681A-45A7-9D70-B8258470010C}.Ad-Hoc|x64.ActiveCfg = Release|x64
		{BF2E3276-681A-45A7-9D70-B8258470010C}.Ad-Hoc|x64.Build.0 = Release|x64
		{BF2E3276-681A-45A7-9D70-B8258470010C}.Ad-Hoc|x64.Deploy.0 = Release|x64
		{BF2E3276-681A-45A7-9D70-B8258470010C}.Ad-Hoc|x86.ActiveCfg = Release|x86
		{BF2E3276-681A-45A7-9D70-B8258470010C}.Ad-Hoc|x86.Build.0 = Release|x86
		{BF2E3276-681A-45A7-9D70-B8258470010C}.Ad-Hoc|x86.Deploy.0 = Release|x86
		{BF2E3276-681A-45A7-9D70-B8258470010C}.AppStore|Any CPU.ActiveCfg = Release|x86
		{BF2E3276-681A-45A7-9D70-B8258470010C}.AppStore|Any CPU.Build.0 = Release|x86
		{BF2E3276-681A-45A7-9D70-B8258470010C}.AppStore|Any CPU.Deploy.0 = Release|x86
		{BF2E3276-681A-45A7-9D70-B8258470010C}.AppStore|ARM.ActiveCfg = Release|ARM
		{BF2E3276-681A-45A7-9D70-B8258470010C}.AppStore|ARM.Build.0 = Release|ARM
		{BF2E3276-681A-45A7-9D70-B8258470010C}.AppStore|ARM.Deploy.0 = Release|ARM
		{BF2E3276-681A-45A7-9D70-B8258470010C}.AppStore|iPhone.ActiveCfg = Release|x86
		{BF2E3276-681A-45A7-9D70-B8258470010C}.AppStore|iPhone.Build.0 = Release|x86
		{BF2E3276-681A-45A7-9D70-B8258470010C}.AppStore|iPhone.Deploy.0 = Release|x86
		{BF2E3276-681A-45A7-9D70-B8258470010C}.AppStore|iPhoneSimulator.ActiveCfg = Release|x86
		{BF2E3276-681A-45A7-9D70-B8258470010C}.AppStore|iPhoneSimulator.Build.0 = Release|x86
		{BF2E3276-681A-45A7-9D70-B8258470010C}.AppStore|iPhoneSimulator.Deploy.0 = Release|x86
		{BF2E3276-681A-45A7-9D70-B8258470010C}.AppStore|x64.ActiveCfg = Release|x64
		{BF2E3276-681A-45A7-9D70-B8258470010C}.AppStore|x64.Build.0 = Release|x64
		{BF2E3276-681A-45A7-9D70-B8258470010C}.AppStore|x64.Deploy.0 = Release|x64
		{BF2E3276-681A-45A7-9D70-B8258470010C}.AppStore|x86.ActiveCfg = Release|x86
		{BF2E3276-681A-45A7-9D70-B8258470010C}.AppStore|x86.Build.0 = Release|x86
		{BF2E3276-681A-45A7-9D70-B8258470010C}.AppStore|x86.Deploy.0 = Release|x86
		{BF2E3276-681A-45A7-9D70-B8258470010C}.Debug|Any CPU.ActiveCfg = Debug|x86
		{BF2E3276-681A-45A7-9D70-B8258470010C}.Debug|ARM.ActiveCfg = Debug|ARM
		{BF2E3276-681A-45A7-9D70-B8258470010C}.Debug|ARM.Build.0 = Debug|ARM
		{BF2E3276-681A-45A7-9D70-B8258470010C}.Debug|ARM.Deploy.0 = Debug|ARM
		{BF2E3276-681A-45A7-9D70-B8258470010C}.Debug|iPhone.ActiveCfg = Debug|x86
		{BF2E3276-681A-45A7-9D70-B8258470010C}.Debug|iPhoneSimulator.ActiveCfg = Debug|x86
		{BF2E3276-681A-45A7-9D70-B8258470010C}.Debug|x64.ActiveCfg = Debug|x64
		{BF2E3276-681A-45A7-9D70-B8258470010C}.Debug|x64.Build.0 = Debug|x64
		{BF2E3276-681A-45A7-9D70-B8258470010C}.Debug|x64.Deploy.0 = Debug|x64
		{BF2E3276-681A-45A7-9D70-B8258470010C}.Debug|x86.ActiveCfg = Debug|x86
		{BF2E3276-681A-45A7-9D70-B8258470010C}.Debug|x86.Build.0 = Debug|x86
		{BF2E3276-681A-45A7-9D70-B8258470010C}.Debug|x86.Deploy.0 = Debug|x86
		{BF2E3276-681A-45A7-9D70-B8258470010C}.Release|Any CPU.ActiveCfg = Release|x86
		{BF2E3276-681A-45A7-9D70-B8258470010C}.Release|ARM.ActiveCfg = Release|ARM
		{BF2E3276-681A-45A7-9D70-B8258470010C}.Release|ARM.Build.0 = Release|ARM
		{BF2E3276-681A-45A7-9D70-B8258470010C}.Release|ARM.Deploy.0 = Release|ARM
		{BF2E3276-681A-45A7-9D70-B8258470010C}.Release|iPhone.ActiveCfg = Release|x86
		{BF2E3276-681A-45A7-9D70-B8258470010C}.Release|iPhoneSimulator.ActiveCfg = Release|x86
		{BF2E3276-681A-45A7-9D70-B8258470010C}.Release|x64.ActiveCfg = Release|x64
		{BF2E3276-681A-45A7-9D70-B8258470010C}.Release|x64.Build.0 = Release|x64
		{BF2E3276-681A-45A7-9D70-B8258470010C}.Release|x64.Deploy.0 = Release|x64
		{BF2E3276-681A-45A7-9D70-B8258470010C}.Release|x86.ActiveCfg = Release|x86
		{BF2E3276-681A-45A7-9D70-B8258470010C}.Release|x86.Build.0 = Release|x86
		{BF2E3276-681A-45A7-9D70-B8258470010C}.Release|x86.Deploy.0 = Release|x86
		{8FE4592D-D0EF-451D-9927-8B0897DA9C71}.Ad-Hoc|Any CPU.ActiveCfg = Ad-Hoc|iPhoneSimulator
		{8FE4592D-D0EF-451D-9927-8B0897DA9C71}.Ad-Hoc|ARM.ActiveCfg = Ad-Hoc|iPhone
		{8FE4592D-D0EF-451D-9927-8B0897DA9C71}.Ad-Hoc|iPhone.ActiveCfg = Ad-Hoc|iPhone
		{8FE4592D-D0EF-451D-9927-8B0897DA9C71}.Ad-Hoc|iPhone.Build.0 = Ad-Hoc|iPhone
		{8FE4592D-D0EF-451D-9927-8B0897DA9C71}.Ad-Hoc|iPhoneSimulator.ActiveCfg = Ad-Hoc|iPhoneSimulator
		{8FE4592D-D0EF-451D-9927-8B0897DA9C71}.Ad-Hoc|iPhoneSimulator.Build.0 = Ad-Hoc|iPhoneSimulator
		{8FE4592D-D0EF-451D-9927-8B0897DA9C71}.Ad-Hoc|x64.ActiveCfg = Ad-Hoc|iPhone
		{8FE4592D-D0EF-451D-9927-8B0897DA9C71}.Ad-Hoc|x86.ActiveCfg = Ad-Hoc|iPhone
		{8FE4592D-D0EF-451D-9927-8B0897DA9C71}.AppStore|Any CPU.ActiveCfg = AppStore|iPhoneSimulator
		{8FE4592D-D0EF-451D-9927-8B0897DA9C71}.AppStore|ARM.ActiveCfg = AppStore|iPhone
		{8FE4592D-D0EF-451D-9927-8B0897DA9C71}.AppStore|iPhone.ActiveCfg = AppStore|iPhone
		{8FE4592D-D0EF-451D-9927-8B0897DA9C71}.AppStore|iPhone.Build.0 = AppStore|iPhone
		{8FE4592D-D0EF-451D-9927-8B0897DA9C71}.AppStore|iPhoneSimulator.ActiveCfg = AppStore|iPhoneSimulator
		{8FE4592D-D0EF-451D-9927-8B0897DA9C71}.AppStore|iPhoneSimulator.Build.0 = AppStore|iPhoneSimulator
		{8FE4592D-D0EF-451D-9927-8B0897DA9C71}.AppStore|x64.ActiveCfg = AppStore|iPhone
		{8FE4592D-D0EF-451D-9927-8B0897DA9C71}.AppStore|x86.ActiveCfg = AppStore|iPhone
		{8FE4592D-D0EF-451D-9927-8B0897DA9C71}.Debug|Any CPU.ActiveCfg = Debug|iPhoneSimulator
		{8FE4592D-D0EF-451D-9927-8B0897DA9C71}.Debug|ARM.ActiveCfg = Debug|iPhone
		{8FE4592D-D0EF-451D-9927-8B0897DA9C71}.Debug|iPhone.ActiveCfg = Debug|iPhone
		{8FE4592D-D0EF-451D-9927-8B0897DA9C71}.Debug|iPhone.Build.0 = Debug|iPhone
		{8FE4592D-D0EF-451D-9927-8B0897DA9C71}.Debug|iPhoneSimulator.ActiveCfg = Debug|iPhoneSimulator
		{8FE4592D-D0EF-451D-9927-8B0897DA9C71}.Debug|iPhoneSimulator.Build.0 = Debug|iPhoneSimulator
		{8FE4592D-D0EF-451D-9927-8B0897DA9C71}.Debug|x64.ActiveCfg = Debug|iPhone
		{8FE4592D-D0EF-451D-9927-8B0897DA9C71}.Debug|x86.ActiveCfg = Debug|iPhone
		{8FE4592D-D0EF-451D-9927-8B0897DA9C71}.Release|Any CPU.ActiveCfg = Release|iPhoneSimulator
		{8FE4592D-D0EF-451D-9927-8B0897DA9C71}.Release|ARM.ActiveCfg = Release|iPhone
		{8FE4592D-D0EF-451D-9927-8B0897DA9C71}.Release|iPhone.ActiveCfg = Release|iPhone
		{8FE4592D-D0EF-451D-9927-8B0897DA9C71}.Release|iPhone.Build.0 = Release|iPhone
		{8FE4592D-D0EF-451D-9927-8B0897DA9C71}.Release|iPhoneSimulator.ActiveCfg = Release|iPhoneSimulator
		{8FE4592D-D0EF-451D-9927-8B0897DA9C71}.Release|iPhoneSimulator.Build.0 = Release|iPhoneSimulator
		{8FE4592D-D0EF-451D-9927-8B0897DA9C71}.Release|x64.ActiveCfg = Release|iPhone
		{8FE4592D-D0EF-451D-9927-8B0897DA9C71}.Release|x86.ActiveCfg = Release|iPhone
	EndGlobalSection
	GlobalSection(SolutionProperties) = preSolution
		HideSolutionNode = FALSE
	EndGlobalSection
	GlobalSection(ExtensibilityGlobals) = postSolution
		SolutionGuid = {48E8697A-9AA1-4E93-8C21-2149958B8ABB}
	EndGlobalSection
EndGlobal
